// !$*UTF8*$!
{
	archiveVersion = 1;
	classes = {
	};
	objectVersion = 51;
	objects = {

/* Begin PBXBuildFile section */
		01FCCA2275E7CC49F5741FA8 /* Pods_instagram.framework in Frameworks */ = {isa = PBXBuildFile; fileRef = B6A022B5363A791F5B86665A /* Pods_instagram.framework */; };
		F3492871245D132000EF029D /* AppDelegate.swift in Sources */ = {isa = PBXBuildFile; fileRef = F3492870245D132000EF029D /* AppDelegate.swift */; };
		F3492875245D132000EF029D /* SignUpController.swift in Sources */ = {isa = PBXBuildFile; fileRef = F3492874245D132000EF029D /* SignUpController.swift */; };
		F3492878245D132000EF029D /* Main.storyboard in Resources */ = {isa = PBXBuildFile; fileRef = F3492876245D132000EF029D /* Main.storyboard */; };
		F349287A245D132500EF029D /* Assets.xcassets in Resources */ = {isa = PBXBuildFile; fileRef = F3492879245D132500EF029D /* Assets.xcassets */; };
		F349287D245D132500EF029D /* LaunchScreen.storyboard in Resources */ = {isa = PBXBuildFile; fileRef = F349287B245D132500EF029D /* LaunchScreen.storyboard */; };
		F3492886245D542500EF029D /* Extensions.swift in Sources */ = {isa = PBXBuildFile; fileRef = F3492885245D542500EF029D /* Extensions.swift */; };
		F3492888245D959100EF029D /* GoogleService-Info.plist in Resources */ = {isa = PBXBuildFile; fileRef = F3492887245D959100EF029D /* GoogleService-Info.plist */; };
		F349288C245ECD0200EF029D /* MainTabBarController.swift in Sources */ = {isa = PBXBuildFile; fileRef = F349288B245ECD0200EF029D /* MainTabBarController.swift */; };
		F34928D2245EDAFA00EF029D /* UserProfileController.swift in Sources */ = {isa = PBXBuildFile; fileRef = F34928D1245EDAFA00EF029D /* UserProfileController.swift */; };
		F34928D5245F039A00EF029D /* UserProfileHeader.swift in Sources */ = {isa = PBXBuildFile; fileRef = F34928D4245F039A00EF029D /* UserProfileHeader.swift */; };
		F34928D8245FE5D300EF029D /* LoginController.swift in Sources */ = {isa = PBXBuildFile; fileRef = F34928D7245FE5D300EF029D /* LoginController.swift */; };
		F34928DB2460E0E600EF029D /* PhotoSelectorController.swift in Sources */ = {isa = PBXBuildFile; fileRef = F34928DA2460E0E600EF029D /* PhotoSelectorController.swift */; };
		F34928DD2461765F00EF029D /* PhotoSelectorCell.swift in Sources */ = {isa = PBXBuildFile; fileRef = F34928DC2461765F00EF029D /* PhotoSelectorCell.swift */; };
		F34928DF24617D9D00EF029D /* PhotoSelectorHeader.swift in Sources */ = {isa = PBXBuildFile; fileRef = F34928DE24617D9D00EF029D /* PhotoSelectorHeader.swift */; };
		F34928E12461966800EF029D /* SharePhotoController.swift in Sources */ = {isa = PBXBuildFile; fileRef = F34928E02461966800EF029D /* SharePhotoController.swift */; };
		F34928E42462204A00EF029D /* Post.swift in Sources */ = {isa = PBXBuildFile; fileRef = F34928E32462204A00EF029D /* Post.swift */; };
		F34928E62462261400EF029D /* UserProfilePhotoCell.swift in Sources */ = {isa = PBXBuildFile; fileRef = F34928E52462261400EF029D /* UserProfilePhotoCell.swift */; };
		F34928E82462277300EF029D /* User.swift in Sources */ = {isa = PBXBuildFile; fileRef = F34928E72462277300EF029D /* User.swift */; };
		F34928EA246232CE00EF029D /* CustomImageView.swift in Sources */ = {isa = PBXBuildFile; fileRef = F34928E9246232CE00EF029D /* CustomImageView.swift */; };
		F34928ED2462415600EF029D /* HomeController.swift in Sources */ = {isa = PBXBuildFile; fileRef = F34928EC2462415600EF029D /* HomeController.swift */; };
		F34928EF2462433200EF029D /* HomePostCell.swift in Sources */ = {isa = PBXBuildFile; fileRef = F34928EE2462433200EF029D /* HomePostCell.swift */; };
		F34928F2246312F300EF029D /* UserSearchController.swift in Sources */ = {isa = PBXBuildFile; fileRef = F34928F1246312F300EF029D /* UserSearchController.swift */; };
		F34928F424631B2700EF029D /* UserSearchCell.swift in Sources */ = {isa = PBXBuildFile; fileRef = F34928F324631B2700EF029D /* UserSearchCell.swift */; };
		F34928F7246433DE00EF029D /* CameraController.swift in Sources */ = {isa = PBXBuildFile; fileRef = F34928F6246433DD00EF029D /* CameraController.swift */; };
		F34928FF2464DC0200EF029D /* Comment.swift in Sources */ = {isa = PBXBuildFile; fileRef = F34928FE2464DC0200EF029D /* Comment.swift */; };
		F34929072464FBE600EF029D /* CommentController.swift in Sources */ = {isa = PBXBuildFile; fileRef = F34929062464FBE600EF029D /* CommentController.swift */; };
		F34929092464FC4100EF029D /* CommentCell.swift in Sources */ = {isa = PBXBuildFile; fileRef = F34929082464FC4100EF029D /* CommentCell.swift */; };
/* End PBXBuildFile section */

/* Begin PBXFileReference section */
		B4E6BA86DB730EB18574B21C /* Pods-instagram.debug.xcconfig */ = {isa = PBXFileReference; includeInIndex = 1; lastKnownFileType = text.xcconfig; name = "Pods-instagram.debug.xcconfig"; path = "Target Support Files/Pods-instagram/Pods-instagram.debug.xcconfig"; sourceTree = "<group>"; };
		B6A022B5363A791F5B86665A /* Pods_instagram.framework */ = {isa = PBXFileReference; explicitFileType = wrapper.framework; includeInIndex = 0; path = Pods_instagram.framework; sourceTree = BUILT_PRODUCTS_DIR; };
		F349286D245D131F00EF029D /* instagram.app */ = {isa = PBXFileReference; explicitFileType = wrapper.application; includeInIndex = 0; path = instagram.app; sourceTree = BUILT_PRODUCTS_DIR; };
		F3492870245D132000EF029D /* AppDelegate.swift */ = {isa = PBXFileReference; lastKnownFileType = sourcecode.swift; path = AppDelegate.swift; sourceTree = "<group>"; };
		F3492874245D132000EF029D /* SignUpController.swift */ = {isa = PBXFileReference; lastKnownFileType = sourcecode.swift; path = SignUpController.swift; sourceTree = "<group>"; };
		F3492877245D132000EF029D /* Base */ = {isa = PBXFileReference; lastKnownFileType = file.storyboard; name = Base; path = Base.lproj/Main.storyboard; sourceTree = "<group>"; };
		F3492879245D132500EF029D /* Assets.xcassets */ = {isa = PBXFileReference; lastKnownFileType = folder.assetcatalog; path = Assets.xcassets; sourceTree = "<group>"; };
		F349287C245D132500EF029D /* Base */ = {isa = PBXFileReference; lastKnownFileType = file.storyboard; name = Base; path = Base.lproj/LaunchScreen.storyboard; sourceTree = "<group>"; };
		F349287E245D132500EF029D /* Info.plist */ = {isa = PBXFileReference; lastKnownFileType = text.plist.xml; path = Info.plist; sourceTree = "<group>"; };
		F3492885245D542500EF029D /* Extensions.swift */ = {isa = PBXFileReference; lastKnownFileType = sourcecode.swift; path = Extensions.swift; sourceTree = "<group>"; };
		F3492887245D959100EF029D /* GoogleService-Info.plist */ = {isa = PBXFileReference; fileEncoding = 4; lastKnownFileType = text.plist.xml; path = "GoogleService-Info.plist"; sourceTree = "<group>"; };
		F349288B245ECD0200EF029D /* MainTabBarController.swift */ = {isa = PBXFileReference; lastKnownFileType = sourcecode.swift; path = MainTabBarController.swift; sourceTree = "<group>"; };
		F34928D1245EDAFA00EF029D /* UserProfileController.swift */ = {isa = PBXFileReference; lastKnownFileType = sourcecode.swift; path = UserProfileController.swift; sourceTree = "<group>"; };
		F34928D4245F039A00EF029D /* UserProfileHeader.swift */ = {isa = PBXFileReference; lastKnownFileType = sourcecode.swift; path = UserProfileHeader.swift; sourceTree = "<group>"; };
		F34928D7245FE5D300EF029D /* LoginController.swift */ = {isa = PBXFileReference; lastKnownFileType = sourcecode.swift; path = LoginController.swift; sourceTree = "<group>"; };
		F34928DA2460E0E600EF029D /* PhotoSelectorController.swift */ = {isa = PBXFileReference; lastKnownFileType = sourcecode.swift; path = PhotoSelectorController.swift; sourceTree = "<group>"; };
		F34928DC2461765F00EF029D /* PhotoSelectorCell.swift */ = {isa = PBXFileReference; lastKnownFileType = sourcecode.swift; path = PhotoSelectorCell.swift; sourceTree = "<group>"; };
		F34928DE24617D9D00EF029D /* PhotoSelectorHeader.swift */ = {isa = PBXFileReference; lastKnownFileType = sourcecode.swift; path = PhotoSelectorHeader.swift; sourceTree = "<group>"; };
		F34928E02461966800EF029D /* SharePhotoController.swift */ = {isa = PBXFileReference; lastKnownFileType = sourcecode.swift; path = SharePhotoController.swift; sourceTree = "<group>"; };
		F34928E32462204A00EF029D /* Post.swift */ = {isa = PBXFileReference; lastKnownFileType = sourcecode.swift; path = Post.swift; sourceTree = "<group>"; };
		F34928E52462261400EF029D /* UserProfilePhotoCell.swift */ = {isa = PBXFileReference; lastKnownFileType = sourcecode.swift; path = UserProfilePhotoCell.swift; sourceTree = "<group>"; };
		F34928E72462277300EF029D /* User.swift */ = {isa = PBXFileReference; lastKnownFileType = sourcecode.swift; path = User.swift; sourceTree = "<group>"; };
		F34928E9246232CE00EF029D /* CustomImageView.swift */ = {isa = PBXFileReference; lastKnownFileType = sourcecode.swift; path = CustomImageView.swift; sourceTree = "<group>"; };
		F34928EC2462415600EF029D /* HomeController.swift */ = {isa = PBXFileReference; lastKnownFileType = sourcecode.swift; path = HomeController.swift; sourceTree = "<group>"; };
		F34928EE2462433200EF029D /* HomePostCell.swift */ = {isa = PBXFileReference; lastKnownFileType = sourcecode.swift; path = HomePostCell.swift; sourceTree = "<group>"; };
		F34928F1246312F300EF029D /* UserSearchController.swift */ = {isa = PBXFileReference; lastKnownFileType = sourcecode.swift; path = UserSearchController.swift; sourceTree = "<group>"; };
		F34928F324631B2700EF029D /* UserSearchCell.swift */ = {isa = PBXFileReference; lastKnownFileType = sourcecode.swift; path = UserSearchCell.swift; sourceTree = "<group>"; };
		F34928F6246433DD00EF029D /* CameraController.swift */ = {isa = PBXFileReference; lastKnownFileType = sourcecode.swift; path = CameraController.swift; sourceTree = "<group>"; };
		F34928FE2464DC0200EF029D /* Comment.swift */ = {isa = PBXFileReference; lastKnownFileType = sourcecode.swift; path = Comment.swift; sourceTree = "<group>"; };
		F34929062464FBE600EF029D /* CommentController.swift */ = {isa = PBXFileReference; lastKnownFileType = sourcecode.swift; path = CommentController.swift; sourceTree = "<group>"; };
		F34929082464FC4100EF029D /* CommentCell.swift */ = {isa = PBXFileReference; lastKnownFileType = sourcecode.swift; path = CommentCell.swift; sourceTree = "<group>"; };
		FB413370CC55AFC5AC5B543C /* Pods-instagram.release.xcconfig */ = {isa = PBXFileReference; includeInIndex = 1; lastKnownFileType = text.xcconfig; name = "Pods-instagram.release.xcconfig"; path = "Target Support Files/Pods-instagram/Pods-instagram.release.xcconfig"; sourceTree = "<group>"; };
/* End PBXFileReference section */

/* Begin PBXFrameworksBuildPhase section */
		F349286A245D131F00EF029D /* Frameworks */ = {
			isa = PBXFrameworksBuildPhase;
			buildActionMask = 2147483647;
			files = (
				01FCCA2275E7CC49F5741FA8 /* Pods_instagram.framework in Frameworks */,
			);
			runOnlyForDeploymentPostprocessing = 0;
		};
/* End PBXFrameworksBuildPhase section */

/* Begin PBXGroup section */
		46681A82A729E855A45283D6 /* Pods */ = {
			isa = PBXGroup;
			children = (
				B4E6BA86DB730EB18574B21C /* Pods-instagram.debug.xcconfig */,
				FB413370CC55AFC5AC5B543C /* Pods-instagram.release.xcconfig */,
			);
			path = Pods;
			sourceTree = "<group>";
		};
		F3492864245D131F00EF029D = {
			isa = PBXGroup;
			children = (
				F349286F245D132000EF029D /* instagram */,
				F349286E245D131F00EF029D /* Products */,
				46681A82A729E855A45283D6 /* Pods */,
				F7FD3AAE332FBFCA130C4650 /* Frameworks */,
			);
			sourceTree = "<group>";
		};
		F349286E245D131F00EF029D /* Products */ = {
			isa = PBXGroup;
			children = (
				F349286D245D131F00EF029D /* instagram.app */,
			);
			name = Products;
			sourceTree = "<group>";
		};
		F349286F245D132000EF029D /* instagram */ = {
			isa = PBXGroup;
			children = (
				F34928F5246433CA00EF029D /* Camera */,
				F34928F0246312CA00EF029D /* Search */,
				F34928EB2462411600EF029D /* Home */,
				F34928E22462202D00EF029D /* Models */,
				F34928D92460E0B000EF029D /* AddPhoto */,
				F34928D6245FE5BA00EF029D /* Login */,
				F34928D3245F037C00EF029D /* UserProfile */,
				F3492884245D53EC00EF029D /* Utils */,
				F3492870245D132000EF029D /* AppDelegate.swift */,
				F349288B245ECD0200EF029D /* MainTabBarController.swift */,
				F3492876245D132000EF029D /* Main.storyboard */,
				F3492879245D132500EF029D /* Assets.xcassets */,
				F349287B245D132500EF029D /* LaunchScreen.storyboard */,
				F349287E245D132500EF029D /* Info.plist */,
				F3492887245D959100EF029D /* GoogleService-Info.plist */,
			);
			path = instagram;
			sourceTree = "<group>";
		};
		F3492884245D53EC00EF029D /* Utils */ = {
			isa = PBXGroup;
			children = (
				F3492885245D542500EF029D /* Extensions.swift */,
				F34928E9246232CE00EF029D /* CustomImageView.swift */,
			);
			path = Utils;
			sourceTree = "<group>";
		};
		F34928D3245F037C00EF029D /* UserProfile */ = {
			isa = PBXGroup;
			children = (
				F34928D4245F039A00EF029D /* UserProfileHeader.swift */,
				F34928D1245EDAFA00EF029D /* UserProfileController.swift */,
				F34928E52462261400EF029D /* UserProfilePhotoCell.swift */,
			);
			path = UserProfile;
			sourceTree = "<group>";
		};
		F34928D6245FE5BA00EF029D /* Login */ = {
			isa = PBXGroup;
			children = (
				F34928D7245FE5D300EF029D /* LoginController.swift */,
				F3492874245D132000EF029D /* SignUpController.swift */,
			);
			path = Login;
			sourceTree = "<group>";
		};
		F34928D92460E0B000EF029D /* AddPhoto */ = {
			isa = PBXGroup;
			children = (
				F34928DA2460E0E600EF029D /* PhotoSelectorController.swift */,
				F34928E02461966800EF029D /* SharePhotoController.swift */,
				F34928DE24617D9D00EF029D /* PhotoSelectorHeader.swift */,
				F34928DC2461765F00EF029D /* PhotoSelectorCell.swift */,
			);
			path = AddPhoto;
			sourceTree = "<group>";
		};
		F34928E22462202D00EF029D /* Models */ = {
			isa = PBXGroup;
			children = (
				F34928E32462204A00EF029D /* Post.swift */,
				F34928E72462277300EF029D /* User.swift */,
				F34928FE2464DC0200EF029D /* Comment.swift */,
			);
			path = Models;
			sourceTree = "<group>";
		};
		F34928EB2462411600EF029D /* Home */ = {
			isa = PBXGroup;
			children = (
				F34929062464FBE600EF029D /* CommentController.swift */,
				F34929082464FC4100EF029D /* CommentCell.swift */,
				F34928EC2462415600EF029D /* HomeController.swift */,
				F34928EE2462433200EF029D /* HomePostCell.swift */,
			);
			path = Home;
			sourceTree = "<group>";
		};
		F34928F0246312CA00EF029D /* Search */ = {
			isa = PBXGroup;
			children = (
				F34928F1246312F300EF029D /* UserSearchController.swift */,
				F34928F324631B2700EF029D /* UserSearchCell.swift */,
			);
			path = Search;
			sourceTree = "<group>";
		};
		F34928F5246433CA00EF029D /* Camera */ = {
			isa = PBXGroup;
			children = (
				F34928F6246433DD00EF029D /* CameraController.swift */,
			);
			path = Camera;
			sourceTree = "<group>";
		};
		F7FD3AAE332FBFCA130C4650 /* Frameworks */ = {
			isa = PBXGroup;
			children = (
				B6A022B5363A791F5B86665A /* Pods_instagram.framework */,
			);
			name = Frameworks;
			sourceTree = "<group>";
		};
/* End PBXGroup section */

/* Begin PBXNativeTarget section */
		F349286C245D131F00EF029D /* instagram */ = {
			isa = PBXNativeTarget;
			buildConfigurationList = F3492881245D132500EF029D /* Build configuration list for PBXNativeTarget "instagram" */;
			buildPhases = (
				4AAC6B8B35F78E50576DDA41 /* [CP] Check Pods Manifest.lock */,
				F3492869245D131F00EF029D /* Sources */,
				F349286A245D131F00EF029D /* Frameworks */,
				F349286B245D131F00EF029D /* Resources */,
				B80289070930EE2869C1967C /* [CP] Embed Pods Frameworks */,
			);
			buildRules = (
			);
			dependencies = (
			);
			name = instagram;
			productName = instagram;
			productReference = F349286D245D131F00EF029D /* instagram.app */;
			productType = "com.apple.product-type.application";
		};
/* End PBXNativeTarget section */

/* Begin PBXProject section */
		F3492865245D131F00EF029D /* Project object */ = {
			isa = PBXProject;
			attributes = {
				LastSwiftUpdateCheck = 1130;
				LastUpgradeCheck = 1130;
				ORGANIZATIONNAME = "Chialin Liu";
				TargetAttributes = {
					F349286C245D131F00EF029D = {
						CreatedOnToolsVersion = 11.3;
					};
				};
			};
			buildConfigurationList = F3492868245D131F00EF029D /* Build configuration list for PBXProject "instagram" */;
			compatibilityVersion = "Xcode 9.3";
			developmentRegion = en;
			hasScannedForEncodings = 0;
			knownRegions = (
				en,
				Base,
			);
			mainGroup = F3492864245D131F00EF029D;
			productRefGroup = F349286E245D131F00EF029D /* Products */;
			projectDirPath = "";
			projectRoot = "";
			targets = (
				F349286C245D131F00EF029D /* instagram */,
			);
		};
/* End PBXProject section */

/* Begin PBXResourcesBuildPhase section */
		F349286B245D131F00EF029D /* Resources */ = {
			isa = PBXResourcesBuildPhase;
			buildActionMask = 2147483647;
			files = (
				F349287D245D132500EF029D /* LaunchScreen.storyboard in Resources */,
				F3492888245D959100EF029D /* GoogleService-Info.plist in Resources */,
				F349287A245D132500EF029D /* Assets.xcassets in Resources */,
				F3492878245D132000EF029D /* Main.storyboard in Resources */,
			);
			runOnlyForDeploymentPostprocessing = 0;
		};
/* End PBXResourcesBuildPhase section */

/* Begin PBXShellScriptBuildPhase section */
		4AAC6B8B35F78E50576DDA41 /* [CP] Check Pods Manifest.lock */ = {
			isa = PBXShellScriptBuildPhase;
			buildActionMask = 2147483647;
			files = (
			);
			inputFileListPaths = (
			);
			inputPaths = (
				"${PODS_PODFILE_DIR_PATH}/Podfile.lock",
				"${PODS_ROOT}/Manifest.lock",
			);
			name = "[CP] Check Pods Manifest.lock";
			outputFileListPaths = (
			);
			outputPaths = (
				"$(DERIVED_FILE_DIR)/Pods-instagram-checkManifestLockResult.txt",
			);
			runOnlyForDeploymentPostprocessing = 0;
			shellPath = /bin/sh;
			shellScript = "diff \"${PODS_PODFILE_DIR_PATH}/Podfile.lock\" \"${PODS_ROOT}/Manifest.lock\" > /dev/null\nif [ $? != 0 ] ; then\n    # print error to STDERR\n    echo \"error: The sandbox is not in sync with the Podfile.lock. Run 'pod install' or update your CocoaPods installation.\" >&2\n    exit 1\nfi\n# This output is used by Xcode 'outputs' to avoid re-running this script phase.\necho \"SUCCESS\" > \"${SCRIPT_OUTPUT_FILE_0}\"\n";
			showEnvVarsInLog = 0;
		};
		B80289070930EE2869C1967C /* [CP] Embed Pods Frameworks */ = {
			isa = PBXShellScriptBuildPhase;
			buildActionMask = 2147483647;
			files = (
			);
			inputFileListPaths = (
				"${PODS_ROOT}/Target Support Files/Pods-instagram/Pods-instagram-frameworks-${CONFIGURATION}-input-files.xcfilelist",
			);
			name = "[CP] Embed Pods Frameworks";
			outputFileListPaths = (
				"${PODS_ROOT}/Target Support Files/Pods-instagram/Pods-instagram-frameworks-${CONFIGURATION}-output-files.xcfilelist",
			);
			runOnlyForDeploymentPostprocessing = 0;
			shellPath = /bin/sh;
			shellScript = "\"${PODS_ROOT}/Target Support Files/Pods-instagram/Pods-instagram-frameworks.sh\"\n";
			showEnvVarsInLog = 0;
		};
/* End PBXShellScriptBuildPhase section */

/* Begin PBXSourcesBuildPhase section */
		F3492869245D131F00EF029D /* Sources */ = {
			isa = PBXSourcesBuildPhase;
			buildActionMask = 2147483647;
			files = (
				F34928E12461966800EF029D /* SharePhotoController.swift in Sources */,
				F34929072464FBE600EF029D /* CommentController.swift in Sources */,
				F34928FF2464DC0200EF029D /* Comment.swift in Sources */,
				F34928EF2462433200EF029D /* HomePostCell.swift in Sources */,
				F3492875245D132000EF029D /* SignUpController.swift in Sources */,
				F34928DD2461765F00EF029D /* PhotoSelectorCell.swift in Sources */,
				F34928E42462204A00EF029D /* Post.swift in Sources */,
				F34928F424631B2700EF029D /* UserSearchCell.swift in Sources */,
				F34928EA246232CE00EF029D /* CustomImageView.swift in Sources */,
				F3492871245D132000EF029D /* AppDelegate.swift in Sources */,
				F34928E62462261400EF029D /* UserProfilePhotoCell.swift in Sources */,
				F34928E82462277300EF029D /* User.swift in Sources */,
				F349288C245ECD0200EF029D /* MainTabBarController.swift in Sources */,
				F34929092464FC4100EF029D /* CommentCell.swift in Sources */,
				F34928D5245F039A00EF029D /* UserProfileHeader.swift in Sources */,
				F34928D2245EDAFA00EF029D /* UserProfileController.swift in Sources */,
				F3492886245D542500EF029D /* Extensions.swift in Sources */,
				F34928F7246433DE00EF029D /* CameraController.swift in Sources */,
				F34928ED2462415600EF029D /* HomeController.swift in Sources */,
				F34928D8245FE5D300EF029D /* LoginController.swift in Sources */,
				F34928DF24617D9D00EF029D /* PhotoSelectorHeader.swift in Sources */,
				F34928F2246312F300EF029D /* UserSearchController.swift in Sources */,
				F34928DB2460E0E600EF029D /* PhotoSelectorController.swift in Sources */,
			);
			runOnlyForDeploymentPostprocessing = 0;
		};
/* End PBXSourcesBuildPhase section */

/* Begin PBXVariantGroup section */
		F3492876245D132000EF029D /* Main.storyboard */ = {
			isa = PBXVariantGroup;
			children = (
				F3492877245D132000EF029D /* Base */,
			);
			name = Main.storyboard;
			sourceTree = "<group>";
		};
		F349287B245D132500EF029D /* LaunchScreen.storyboard */ = {
			isa = PBXVariantGroup;
			children = (
				F349287C245D132500EF029D /* Base */,
			);
			name = LaunchScreen.storyboard;
			sourceTree = "<group>";
		};
/* End PBXVariantGroup section */

/* Begin XCBuildConfiguration section */
		F349287F245D132500EF029D /* Debug */ = {
			isa = XCBuildConfiguration;
			buildSettings = {
				ALWAYS_SEARCH_USER_PATHS = NO;
				CLANG_ANALYZER_NONNULL = YES;
				CLANG_ANALYZER_NUMBER_OBJECT_CONVERSION = YES_AGGRESSIVE;
				CLANG_CXX_LANGUAGE_STANDARD = "gnu++14";
				CLANG_CXX_LIBRARY = "libc++";
				CLANG_ENABLE_MODULES = YES;
				CLANG_ENABLE_OBJC_ARC = YES;
				CLANG_ENABLE_OBJC_WEAK = YES;
				CLANG_WARN_BLOCK_CAPTURE_AUTORELEASING = YES;
				CLANG_WARN_BOOL_CONVERSION = YES;
				CLANG_WARN_COMMA = YES;
				CLANG_WARN_CONSTANT_CONVERSION = YES;
				CLANG_WARN_DEPRECATED_OBJC_IMPLEMENTATIONS = YES;
				CLANG_WARN_DIRECT_OBJC_ISA_USAGE = YES_ERROR;
				CLANG_WARN_DOCUMENTATION_COMMENTS = YES;
				CLANG_WARN_EMPTY_BODY = YES;
				CLANG_WARN_ENUM_CONVERSION = YES;
				CLANG_WARN_INFINITE_RECURSION = YES;
				CLANG_WARN_INT_CONVERSION = YES;
				CLANG_WARN_NON_LITERAL_NULL_CONVERSION = YES;
				CLANG_WARN_OBJC_IMPLICIT_RETAIN_SELF = YES;
				CLANG_WARN_OBJC_LITERAL_CONVERSION = YES;
				CLANG_WARN_OBJC_ROOT_CLASS = YES_ERROR;
				CLANG_WARN_RANGE_LOOP_ANALYSIS = YES;
				CLANG_WARN_STRICT_PROTOTYPES = YES;
				CLANG_WARN_SUSPICIOUS_MOVE = YES;
				CLANG_WARN_UNGUARDED_AVAILABILITY = YES_AGGRESSIVE;
				CLANG_WARN_UNREACHABLE_CODE = YES;
				CLANG_WARN__DUPLICATE_METHOD_MATCH = YES;
				COPY_PHASE_STRIP = NO;
				DEBUG_INFORMATION_FORMAT = dwarf;
				ENABLE_STRICT_OBJC_MSGSEND = YES;
				ENABLE_TESTABILITY = YES;
				GCC_C_LANGUAGE_STANDARD = gnu11;
				GCC_DYNAMIC_NO_PIC = NO;
				GCC_NO_COMMON_BLOCKS = YES;
				GCC_OPTIMIZATION_LEVEL = 0;
				GCC_PREPROCESSOR_DEFINITIONS = (
					"DEBUG=1",
					"$(inherited)",
				);
				GCC_WARN_64_TO_32_BIT_CONVERSION = YES;
				GCC_WARN_ABOUT_RETURN_TYPE = YES_ERROR;
				GCC_WARN_UNDECLARED_SELECTOR = YES;
				GCC_WARN_UNINITIALIZED_AUTOS = YES_AGGRESSIVE;
				GCC_WARN_UNUSED_FUNCTION = YES;
				GCC_WARN_UNUSED_VARIABLE = YES;
				IPHONEOS_DEPLOYMENT_TARGET = 13.2;
				MTL_ENABLE_DEBUG_INFO = INCLUDE_SOURCE;
				MTL_FAST_MATH = YES;
				ONLY_ACTIVE_ARCH = YES;
				SDKROOT = iphoneos;
				SWIFT_ACTIVE_COMPILATION_CONDITIONS = DEBUG;
				SWIFT_OPTIMIZATION_LEVEL = "-Onone";
			};
			name = Debug;
		};
		F3492880245D132500EF029D /* Release */ = {
			isa = XCBuildConfiguration;
			buildSettings = {
				ALWAYS_SEARCH_USER_PATHS = NO;
				CLANG_ANALYZER_NONNULL = YES;
				CLANG_ANALYZER_NUMBER_OBJECT_CONVERSION = YES_AGGRESSIVE;
				CLANG_CXX_LANGUAGE_STANDARD = "gnu++14";
				CLANG_CXX_LIBRARY = "libc++";
				CLANG_ENABLE_MODULES = YES;
				CLANG_ENABLE_OBJC_ARC = YES;
				CLANG_ENABLE_OBJC_WEAK = YES;
				CLANG_WARN_BLOCK_CAPTURE_AUTORELEASING = YES;
				CLANG_WARN_BOOL_CONVERSION = YES;
				CLANG_WARN_COMMA = YES;
				CLANG_WARN_CONSTANT_CONVERSION = YES;
				CLANG_WARN_DEPRECATED_OBJC_IMPLEMENTATIONS = YES;
				CLANG_WARN_DIRECT_OBJC_ISA_USAGE = YES_ERROR;
				CLANG_WARN_DOCUMENTATION_COMMENTS = YES;
				CLANG_WARN_EMPTY_BODY = YES;
				CLANG_WARN_ENUM_CONVERSION = YES;
				CLANG_WARN_INFINITE_RECURSION = YES;
				CLANG_WARN_INT_CONVERSION = YES;
				CLANG_WARN_NON_LITERAL_NULL_CONVERSION = YES;
				CLANG_WARN_OBJC_IMPLICIT_RETAIN_SELF = YES;
				CLANG_WARN_OBJC_LITERAL_CONVERSION = YES;
				CLANG_WARN_OBJC_ROOT_CLASS = YES_ERROR;
				CLANG_WARN_RANGE_LOOP_ANALYSIS = YES;
				CLANG_WARN_STRICT_PROTOTYPES = YES;
				CLANG_WARN_SUSPICIOUS_MOVE = YES;
				CLANG_WARN_UNGUARDED_AVAILABILITY = YES_AGGRESSIVE;
				CLANG_WARN_UNREACHABLE_CODE = YES;
				CLANG_WARN__DUPLICATE_METHOD_MATCH = YES;
				COPY_PHASE_STRIP = NO;
				DEBUG_INFORMATION_FORMAT = "dwarf-with-dsym";
				ENABLE_NS_ASSERTIONS = NO;
				ENABLE_STRICT_OBJC_MSGSEND = YES;
				GCC_C_LANGUAGE_STANDARD = gnu11;
				GCC_NO_COMMON_BLOCKS = YES;
				GCC_WARN_64_TO_32_BIT_CONVERSION = YES;
				GCC_WARN_ABOUT_RETURN_TYPE = YES_ERROR;
				GCC_WARN_UNDECLARED_SELECTOR = YES;
				GCC_WARN_UNINITIALIZED_AUTOS = YES_AGGRESSIVE;
				GCC_WARN_UNUSED_FUNCTION = YES;
				GCC_WARN_UNUSED_VARIABLE = YES;
				IPHONEOS_DEPLOYMENT_TARGET = 13.2;
				MTL_ENABLE_DEBUG_INFO = NO;
				MTL_FAST_MATH = YES;
				SDKROOT = iphoneos;
				SWIFT_COMPILATION_MODE = wholemodule;
				SWIFT_OPTIMIZATION_LEVEL = "-O";
				VALIDATE_PRODUCT = YES;
			};
			name = Release;
		};
		F3492882245D132500EF029D /* Debug */ = {
			isa = XCBuildConfiguration;
			baseConfigurationReference = B4E6BA86DB730EB18574B21C /* Pods-instagram.debug.xcconfig */;
			buildSettings = {
				ASSETCATALOG_COMPILER_APPICON_NAME = AppIcon;
				CODE_SIGN_STYLE = Automatic;
				INFOPLIST_FILE = instagram/Info.plist;
				LD_RUNPATH_SEARCH_PATHS = (
					"$(inherited)",
					"@executable_path/Frameworks",
				);
				PRODUCT_BUNDLE_IDENTIFIER = chialin.instagram;
				PRODUCT_NAME = "$(TARGET_NAME)";
				SWIFT_VERSION = 5.0;
				TARGETED_DEVICE_FAMILY = "1,2";
			};
			name = Debug;
		};
		F3492883245D132500EF029D /* Release */ = {
			isa = XCBuildConfiguration;
			baseConfigurationReference = FB413370CC55AFC5AC5B543C /* Pods-instagram.release.xcconfig */;
			buildSettings = {
				ASSETCATALOG_COMPILER_APPICON_NAME = AppIcon;
				CODE_SIGN_STYLE = Automatic;
				INFOPLIST_FILE = instagram/Info.plist;
				LD_RUNPATH_SEARCH_PATHS = (
					"$(inherited)",
					"@executable_path/Frameworks",
				);
				PRODUCT_BUNDLE_IDENTIFIER = chialin.instagram;
				PRODUCT_NAME = "$(TARGET_NAME)";
				SWIFT_VERSION = 5.0;
				TARGETED_DEVICE_FAMILY = "1,2";
			};
			name = Release;
		};
/* End XCBuildConfiguration section */

/* Begin XCConfigurationList section */
		F3492868245D131F00EF029D /* Build configuration list for PBXProject "instagram" */ = {
			isa = XCConfigurationList;
			buildConfigurations = (
				F349287F245D132500EF029D /* Debug */,
				F3492880245D132500EF029D /* Release */,
			);
			defaultConfigurationIsVisible = 0;
			defaultConfigurationName = Release;
		};
		F3492881245D132500EF029D /* Build configuration list for PBXNativeTarget "instagram" */ = {
			isa = XCConfigurationList;
			buildConfigurations = (
				F3492882245D132500EF029D /* Debug */,
				F3492883245D132500EF029D /* Release */,
			);
			defaultConfigurationIsVisible = 0;
			defaultConfigurationName = Release;
		};
/* End XCConfigurationList section */
	};
	rootObject = F3492865245D131F00EF029D /* Project object */;
}
